// !$*UTF8*$!
{
	archiveVersion = 1;
	classes = {
	};
	objectVersion = 46;
	objects = {

/* Begin PBXBuildFile section */
		54DA00021E9A34E6006CE065 /* AppDelegate.m in Sources */ = {isa = PBXBuildFile; fileRef = 54DA00011E9A34E6006CE065 /* AppDelegate.m */; };
		54DA00051E9A34E6006CE065 /* ViewController.m in Sources */ = {isa = PBXBuildFile; fileRef = 54DA00041E9A34E6006CE065 /* ViewController.m */; };
		54DA00081E9A34E6006CE065 /* Main.storyboard in Resources */ = {isa = PBXBuildFile; fileRef = 54DA00061E9A34E6006CE065 /* Main.storyboard */; };
		54DA000A1E9A34E6006CE065 /* Assets.xcassets in Resources */ = {isa = PBXBuildFile; fileRef = 54DA00091E9A34E6006CE065 /* Assets.xcassets */; };
		54DA000D1E9A34E6006CE065 /* LaunchScreen.storyboard in Resources */ = {isa = PBXBuildFile; fileRef = 54DA000B1E9A34E6006CE065 /* LaunchScreen.storyboard */; };
		54DAFFFF1E9A34E6006CE065 /* main.m in Sources */ = {isa = PBXBuildFile; fileRef = 54DAFFFE1E9A34E6006CE065 /* main.m */; };
/* End PBXBuildFile section */

/* Begin PBXFileReference section */
		54DA00001E9A34E6006CE065 /* AppDelegate.h */ = {isa = PBXFileReference; lastKnownFileType = sourcecode.c.h; path = AppDelegate.h; sourceTree = "<group>"; };
		54DA00011E9A34E6006CE065 /* AppDelegate.m */ = {isa = PBXFileReference; lastKnownFileType = sourcecode.c.objc; path = AppDelegate.m; sourceTree = "<group>"; };
		54DA00031E9A34E6006CE065 /* ViewController.h */ = {isa = PBXFileReference; lastKnownFileType = sourcecode.c.h; path = ViewController.h; sourceTree = "<group>"; };
		54DA00041E9A34E6006CE065 /* ViewController.m */ = {isa = PBXFileReference; lastKnownFileType = sourcecode.c.objc; path = ViewController.m; sourceTree = "<group>"; };
		54DA00071E9A34E6006CE065 /* Base */ = {isa = PBXFileReference; lastKnownFileType = file.storyboard; name = Base; path = Base.lproj/Main.storyboard; sourceTree = "<group>"; };
		54DA00091E9A34E6006CE065 /* Assets.xcassets */ = {isa = PBXFileReference; lastKnownFileType = folder.assetcatalog; path = Assets.xcassets; sourceTree = "<group>"; };
		54DA000C1E9A34E6006CE065 /* Base */ = {isa = PBXFileReference; lastKnownFileType = file.storyboard; name = Base; path = Base.lproj/LaunchScreen.storyboard; sourceTree = "<group>"; };
		54DA000E1E9A34E6006CE065 /* Info.plist */ = {isa = PBXFileReference; lastKnownFileType = text.plist.xml; path = Info.plist; sourceTree = "<group>"; };
		54DAFFFA1E9A34E6006CE065 /* WSOne.app */ = {isa = PBXFileReference; explicitFileType = wrapper.application; includeInIndex = 0; path = WSOne.app; sourceTree = BUILT_PRODUCTS_DIR; };
		54DAFFFE1E9A34E6006CE065 /* main.m */ = {isa = PBXFileReference; lastKnownFileType = sourcecode.c.objc; path = main.m; sourceTree = "<group>"; };
/* End PBXFileReference section */

/* Begin PBXFrameworksBuildPhase section */
		54DAFFF71E9A34E6006CE065 /* Frameworks */ = {
			isa = PBXFrameworksBuildPhase;
			buildActionMask = 2147483647;
			files = (
			);
			runOnlyForDeploymentPostprocessing = 0;
		};
/* End PBXFrameworksBuildPhase section */

/* Begin PBXGroup section */
		54DAFFF11E9A34E6006CE065 = {
			isa = PBXGroup;
			children = (
				54DAFFFC1E9A34E6006CE065 /* WSOne */,
				54DAFFFB1E9A34E6006CE065 /* Products */,
			);
			sourceTree = "<group>";
		};
		54DAFFFB1E9A34E6006CE065 /* Products */ = {
			isa = PBXGroup;
			children = (
				54DAFFFA1E9A34E6006CE065 /* WSOne.app */,
			);
			name = Products;
			sourceTree = "<group>";
		};
		54DAFFFC1E9A34E6006CE065 /* WSOne */ = {
			isa = PBXGroup;
			children = (
				54DA00001E9A34E6006CE065 /* AppDelegate.h */,
				54DA00011E9A34E6006CE065 /* AppDelegate.m */,
				54DA00031E9A34E6006CE065 /* ViewController.h */,
				54DA00041E9A34E6006CE065 /* ViewController.m */,
				54DA00061E9A34E6006CE065 /* Main.storyboard */,
				54DA00091E9A34E6006CE065 /* Assets.xcassets */,
				54DA000B1E9A34E6006CE065 /* LaunchScreen.storyboard */,
				54DA000E1E9A34E6006CE065 /* Info.plist */,
				54DAFFFD1E9A34E6006CE065 /* Supporting Files */,
			);
			path = WSOne;
			sourceTree = "<group>";
		};
		54DAFFFD1E9A34E6006CE065 /* Supporting Files */ = {
			isa = PBXGroup;
			children = (
				54DAFFFE1E9A34E6006CE065 /* main.m */,
			);
			name = "Supporting Files";
			sourceTree = "<group>";
		};
/* End PBXGroup section */

/* Begin PBXNativeTarget section */
		54DAFFF91E9A34E6006CE065 /* WSOne */ = {
			isa = PBXNativeTarget;
			buildConfigurationList = 54DA00111E9A34E6006CE065 /* Build configuration list for PBXNativeTarget "WSOne" */;
			buildPhases = (
				54DAFFF61E9A34E6006CE065 /* Sources */,
				54DAFFF71E9A34E6006CE065 /* Frameworks */,
				54DAFFF81E9A34E6006CE065 /* Resources */,
			);
			buildRules = (
			);
			dependencies = (
			);
			name = WSOne;
			productName = WSOne;
			productReference = 54DAFFFA1E9A34E6006CE065 /* WSOne.app */;
			productType = "com.apple.product-type.application";
		};
/* End PBXNativeTarget section */

/* Begin PBXProject section */
		54DAFFF21E9A34E6006CE065 /* Project object */ = {
			isa = PBXProject;
			attributes = {
				LastUpgradeCheck = 0830;
				ORGANIZATIONNAME = WS;
				TargetAttributes = {
					54DAFFF91E9A34E6006CE065 = {
						CreatedOnToolsVersion = 8.3;
						DevelopmentTeam = NT9VR9C9HY;
						ProvisioningStyle = Automatic;
					};
				};
			};
			buildConfigurationList = 54DAFFF51E9A34E6006CE065 /* Build configuration list for PBXProject "WSOne" */;
			compatibilityVersion = "Xcode 3.2";
			developmentRegion = English;
			hasScannedForEncodings = 0;
			knownRegions = (
				en,
				Base,
			);
			mainGroup = 54DAFFF11E9A34E6006CE065;
			productRefGroup = 54DAFFFB1E9A34E6006CE065 /* Products */;
			projectDirPath = "";
			projectRoot = "";
			targets = (
				54DAFFF91E9A34E6006CE065 /* WSOne */,
			);
		};
/* End PBXProject section */

/* Begin PBXResourcesBuildPhase section */
		54DAFFF81E9A34E6006CE065 /* Resources */ = {
			isa = PBXResourcesBuildPhase;
			buildActionMask = 2147483647;
			files = (
				54DA000D1E9A34E6006CE065 /* LaunchScreen.storyboard in Resources */,
				54DA000A1E9A34E6006CE065 /* Assets.xcassets in Resources */,
				54DA00081E9A34E6006CE065 /* Main.storyboard in Resources */,
			);
			runOnlyForDeploymentPostprocessing = 0;
		};
/* End PBXResourcesBuildPhase section */

/* Begin PBXSourcesBuildPhase section */
		54DAFFF61E9A34E6006CE065 /* Sources */ = {
			isa = PBXSourcesBuildPhase;
			buildActionMask = 2147483647;
			files = (
				54DA00051E9A34E6006CE065 /* ViewController.m in Sources */,
				54DA00021E9A34E6006CE065 /* AppDelegate.m in Sources */,
				54DAFFFF1E9A34E6006CE065 /* main.m in Sources */,
			);
			runOnlyForDeploymentPostprocessing = 0;
		};
/* End PBXSourcesBuildPhase section */

/* Begin PBXVariantGroup section */
		54DA00061E9A34E6006CE065 /* Main.storyboard */ = {
			isa = PBXVariantGroup;
			children = (
				54DA00071E9A34E6006CE065 /* Base */,
			);
			name = Main.storyboard;
			sourceTree = "<group>";
		};
		54DA000B1E9A34E6006CE065 /* LaunchScreen.storyboard */ = {
			isa = PBXVariantGroup;
			children = (
				54DA000C1E9A34E6006CE065 /* Base */,
			);
			name = LaunchScreen.storyboard;
			sourceTree = "<group>";
		};
/* End PBXVariantGroup section */

/* Begin XCBuildConfiguration section */
		54DA000F1E9A34E6006CE065 /* Debug */ = {
			isa = XCBuildConfiguration;
			buildSettings = {
				ALWAYS_SEARCH_USER_PATHS = NO;
				CLANG_ANALYZER_NONNULL = YES;
				CLANG_ANALYZER_NUMBER_OBJECT_CONVERSION = YES_AGGRESSIVE;
				CLANG_CXX_LANGUAGE_STANDARD = "gnu++0x";
				CLANG_CXX_LIBRARY = "libc++";
				CLANG_ENABLE_MODULES = YES;
				CLANG_ENABLE_OBJC_ARC = YES;
				CLANG_WARN_BOOL_CONVERSION = YES;
				CLANG_WARN_CONSTANT_CONVERSION = YES;
				CLANG_WARN_DIRECT_OBJC_ISA_USAGE = YES_ERROR;
				CLANG_WARN_DOCUMENTATION_COMMENTS = YES;
				CLANG_WARN_EMPTY_BODY = YES;
				CLANG_WARN_ENUM_CONVERSION = YES;
				CLANG_WARN_INFINITE_RECURSION = YES;
				CLANG_WARN_INT_CONVERSION = YES;
				CLANG_WARN_OBJC_ROOT_CLASS = YES_ERROR;
				CLANG_WARN_SUSPICIOUS_MOVE = YES;
				CLANG_WARN_UNREACHABLE_CODE = YES;
				CLANG_WARN__DUPLICATE_METHOD_MATCH = YES;
				"CODE_SIGN_IDENTITY[sdk=iphoneos*]" = "iPhone Developer";
				COPY_PHASE_STRIP = NO;
				DEBUG_INFORMATION_FORMAT = dwarf;
				ENABLE_STRICT_OBJC_MSGSEND = YES;
				ENABLE_TESTABILITY = YES;
				GCC_C_LANGUAGE_STANDARD = gnu99;
				GCC_DYNAMIC_NO_PIC = NO;
				GCC_NO_COMMON_BLOCKS = YES;
				GCC_OPTIMIZATION_LEVEL = 0;
				GCC_PREPROCESSOR_DEFINITIONS = (
					"DEBUG=1",
					"$(inherited)",
				);
				GCC_WARN_64_TO_32_BIT_CONVERSION = YES;
				GCC_WARN_ABOUT_RETURN_TYPE = YES_ERROR;
				GCC_WARN_UNDECLARED_SELECTOR = YES;
				GCC_WARN_UNINITIALIZED_AUTOS = YES_AGGRESSIVE;
				GCC_WARN_UNUSED_FUNCTION = YES;
				GCC_WARN_UNUSED_VARIABLE = YES;
				IPHONEOS_DEPLOYMENT_TARGET = 10.3;
				MTL_ENABLE_DEBUG_INFO = YES;
				ONLY_ACTIVE_ARCH = YES;
				SDKROOT = iphoneos;
				TARGETED_DEVICE_FAMILY = "1,2";
			};
			name = Debug;
		};
		54DA00101E9A34E6006CE065 /* Release */ = {
			isa = XCBuildConfiguration;
			buildSettings = {
				ALWAYS_SEARCH_USER_PATHS = NO;
				CLANG_ANALYZER_NONNULL = YES;
				CLANG_ANALYZER_NUMBER_OBJECT_CONVERSION = YES_AGGRESSIVE;
				CLANG_CXX_LANGUAGE_STANDARD = "gnu++0x";
				CLANG_CXX_LIBRARY = "libc++";
				CLANG_ENABLE_MODULES = YES;
				CLANG_ENABLE_OBJC_ARC = YES;
				CLANG_WARN_BOOL_CONVERSION = YES;
				CLANG_WARN_CONSTANT_CONVERSION = YES;
				CLANG_WARN_DIRECT_OBJC_ISA_USAGE = YES_ERROR;
				CLANG_WARN_DOCUMENTATION_COMMENTS = YES;
				CLANG_WARN_EMPTY_BODY = YES;
				CLANG_WARN_ENUM_CONVERSION = YES;
				CLANG_WARN_INFINITE_RECURSION = YES;
				CLANG_WARN_INT_CONVERSION = YES;
				CLANG_WARN_OBJC_ROOT_CLASS = YES_ERROR;
				CLANG_WARN_SUSPICIOUS_MOVE = YES;
				CLANG_WARN_UNREACHABLE_CODE = YES;
				CLANG_WARN__DUPLICATE_METHOD_MATCH = YES;
				"CODE_SIGN_IDENTITY[sdk=iphoneos*]" = "iPhone Developer";
				COPY_PHASE_STRIP = NO;
				DEBUG_INFORMATION_FORMAT = "dwarf-with-dsym";
				ENABLE_NS_ASSERTIONS = NO;
				ENABLE_STRICT_OBJC_MSGSEND = YES;
				GCC_C_LANGUAGE_STANDARD = gnu99;
				GCC_NO_COMMON_BLOCKS = YES;
				GCC_WARN_64_TO_32_BIT_CONVERSION = YES;
				GCC_WARN_ABOUT_RETURN_TYPE = YES_ERROR;
				GCC_WARN_UNDECLARED_SELECTOR = YES;
				GCC_WARN_UNINITIALIZED_AUTOS = YES_AGGRESSIVE;
				GCC_WARN_UNUSED_FUNCTION = YES;
				GCC_WARN_UNUSED_VARIABLE = YES;
				IPHONEOS_DEPLOYMENT_TARGET = 10.3;
				MTL_ENABLE_DEBUG_INFO = NO;
				SDKROOT = iphoneos;
				TARGETED_DEVICE_FAMILY = "1,2";
				VALIDATE_PRODUCT = YES;
			};
			name = Release;
		};
		54DA00121E9A34E6006CE065 /* Debug */ = {
			isa = XCBuildConfiguration;
			buildSettings = {
				ASSETCATALOG_COMPILER_APPICON_NAME = AppIcon;
				DEVELOPMENT_TEAM = NT9VR9C9HY;
				INFOPLIST_FILE = WSOne/Info.plist;
				LD_RUNPATH_SEARCH_PATHS = "$(inherited) @executable_path/Frameworks";
				PRODUCT_BUNDLE_IDENTIFIER = WS.WSOne;
				PRODUCT_NAME = "$(TARGET_NAME)";
			};
			name = Debug;
		};
		54DA00131E9A34E6006CE065 /* Release */ = {
			isa = XCBuildConfiguration;
			buildSettings = {
				ASSETCATALOG_COMPILER_APPICON_NAME = AppIcon;
				DEVELOPMENT_TEAM = NT9VR9C9HY;
				INFOPLIST_FILE = WSOne/Info.plist;
				LD_RUNPATH_SEARCH_PATHS = "$(inherited) @executable_path/Frameworks";
				PRODUCT_BUNDLE_IDENTIFIER = WS.WSOne;
				PRODUCT_NAME = "$(TARGET_NAME)";
			};
			name = Release;
		};
/* End XCBuildConfiguration section */

/* Begin XCConfigurationList section */
		54DA00111E9A34E6006CE065 /* Build configuration list for PBXNativeTarget "WSOne" */ = {
			isa = XCConfigurationList;
			buildConfigurations = (
				54DA00121E9A34E6006CE065 /* Debug */,
				54DA00131E9A34E6006CE065 /* Release */,
			);
			defaultConfigurationIsVisible = 0;
		};
		54DAFFF51E9A34E6006CE065 /* Build configuration list for PBXProject "WSOne" */ = {
			isa = XCConfigurationList;
			buildConfigurations = (
				54DA000F1E9A34E6006CE065 /* Debug */,
				54DA00101E9A34E6006CE065 /* Release */,
			);
			defaultConfigurationIsVisible = 0;
			defaultConfigurationName = Release;
		};
/* End XCConfigurationList section */
	};
	rootObject = 54DAFFF21E9A34E6006CE065 /* Project object */;
}
