// !$*UTF8*$!
{
	archiveVersion = 1;
	classes = {
	};
	objectVersion = 46;
	objects = {

/* Begin PBXBuildFile section */
		54DA00531E9A6E16006CE065 /* main.m in Sources */ = {isa = PBXBuildFile; fileRef = 54DA00521E9A6E16006CE065 /* main.m */; };
		54DA00561E9A6E16006CE065 /* AppDelegate.m in Sources */ = {isa = PBXBuildFile; fileRef = 54DA00551E9A6E16006CE065 /* AppDelegate.m */; };
		54DA00591E9A6E16006CE065 /* ViewController.m in Sources */ = {isa = PBXBuildFile; fileRef = 54DA00581E9A6E16006CE065 /* ViewController.m */; };
		54DA005C1E9A6E16006CE065 /* Main.storyboard in Resources */ = {isa = PBXBuildFile; fileRef = 54DA005A1E9A6E16006CE065 /* Main.storyboard */; };
		54DA005E1E9A6E16006CE065 /* Assets.xcassets in Resources */ = {isa = PBXBuildFile; fileRef = 54DA005D1E9A6E16006CE065 /* Assets.xcassets */; };
		54DA00611E9A6E16006CE065 /* LaunchScreen.storyboard in Resources */ = {isa = PBXBuildFile; fileRef = 54DA005F1E9A6E16006CE065 /* LaunchScreen.storyboard */; };
		54DA006C1E9A6E16006CE065 /* WSOneTests.m in Sources */ = {isa = PBXBuildFile; fileRef = 54DA006B1E9A6E16006CE065 /* WSOneTests.m */; };
		54DA00771E9A6E16006CE065 /* WSOneUITests.m in Sources */ = {isa = PBXBuildFile; fileRef = 54DA00761E9A6E16006CE065 /* WSOneUITests.m */; };
		54DA00881E9A7CFF006CE065 /* Target_One.m in Sources */ = {isa = PBXBuildFile; fileRef = 54DA00871E9A7CFF006CE065 /* Target_One.m */; };
		54DA008B1E9A7D5B006CE065 /* OneViewController.m in Sources */ = {isa = PBXBuildFile; fileRef = 54DA008A1E9A7D5B006CE065 /* OneViewController.m */; };
/* End PBXBuildFile section */

/* Begin PBXContainerItemProxy section */
		54DA00681E9A6E16006CE065 /* PBXContainerItemProxy */ = {
			isa = PBXContainerItemProxy;
			containerPortal = 54DA00461E9A6E16006CE065 /* Project object */;
			proxyType = 1;
			remoteGlobalIDString = 54DA004D1E9A6E16006CE065;
			remoteInfo = WSOne;
		};
		54DA00731E9A6E16006CE065 /* PBXContainerItemProxy */ = {
			isa = PBXContainerItemProxy;
			containerPortal = 54DA00461E9A6E16006CE065 /* Project object */;
			proxyType = 1;
			remoteGlobalIDString = 54DA004D1E9A6E16006CE065;
			remoteInfo = WSOne;
		};
/* End PBXContainerItemProxy section */

/* Begin PBXFileReference section */
		54DA004E1E9A6E16006CE065 /* WSOne.app */ = {isa = PBXFileReference; explicitFileType = wrapper.application; includeInIndex = 0; path = WSOne.app; sourceTree = BUILT_PRODUCTS_DIR; };
		54DA00521E9A6E16006CE065 /* main.m */ = {isa = PBXFileReference; lastKnownFileType = sourcecode.c.objc; path = main.m; sourceTree = "<group>"; };
		54DA00541E9A6E16006CE065 /* AppDelegate.h */ = {isa = PBXFileReference; lastKnownFileType = sourcecode.c.h; path = AppDelegate.h; sourceTree = "<group>"; };
		54DA00551E9A6E16006CE065 /* AppDelegate.m */ = {isa = PBXFileReference; lastKnownFileType = sourcecode.c.objc; path = AppDelegate.m; sourceTree = "<group>"; };
		54DA00571E9A6E16006CE065 /* ViewController.h */ = {isa = PBXFileReference; lastKnownFileType = sourcecode.c.h; path = ViewController.h; sourceTree = "<group>"; };
		54DA00581E9A6E16006CE065 /* ViewController.m */ = {isa = PBXFileReference; lastKnownFileType = sourcecode.c.objc; path = ViewController.m; sourceTree = "<group>"; };
		54DA005B1E9A6E16006CE065 /* Base */ = {isa = PBXFileReference; lastKnownFileType = file.storyboard; name = Base; path = Base.lproj/Main.storyboard; sourceTree = "<group>"; };
		54DA005D1E9A6E16006CE065 /* Assets.xcassets */ = {isa = PBXFileReference; lastKnownFileType = folder.assetcatalog; path = Assets.xcassets; sourceTree = "<group>"; };
		54DA00601E9A6E16006CE065 /* Base */ = {isa = PBXFileReference; lastKnownFileType = file.storyboard; name = Base; path = Base.lproj/LaunchScreen.storyboard; sourceTree = "<group>"; };
		54DA00621E9A6E16006CE065 /* Info.plist */ = {isa = PBXFileReference; lastKnownFileType = text.plist.xml; path = Info.plist; sourceTree = "<group>"; };
		54DA00671E9A6E16006CE065 /* WSOneTests.xctest */ = {isa = PBXFileReference; explicitFileType = wrapper.cfbundle; includeInIndex = 0; path = WSOneTests.xctest; sourceTree = BUILT_PRODUCTS_DIR; };
		54DA006B1E9A6E16006CE065 /* WSOneTests.m */ = {isa = PBXFileReference; lastKnownFileType = sourcecode.c.objc; path = WSOneTests.m; sourceTree = "<group>"; };
		54DA006D1E9A6E16006CE065 /* Info.plist */ = {isa = PBXFileReference; lastKnownFileType = text.plist.xml; path = Info.plist; sourceTree = "<group>"; };
		54DA00721E9A6E16006CE065 /* WSOneUITests.xctest */ = {isa = PBXFileReference; explicitFileType = wrapper.cfbundle; includeInIndex = 0; path = WSOneUITests.xctest; sourceTree = BUILT_PRODUCTS_DIR; };
		54DA00761E9A6E16006CE065 /* WSOneUITests.m */ = {isa = PBXFileReference; lastKnownFileType = sourcecode.c.objc; path = WSOneUITests.m; sourceTree = "<group>"; };
		54DA00781E9A6E16006CE065 /* Info.plist */ = {isa = PBXFileReference; lastKnownFileType = text.plist.xml; path = Info.plist; sourceTree = "<group>"; };
		54DA00861E9A7CFF006CE065 /* Target_One.h */ = {isa = PBXFileReference; fileEncoding = 4; lastKnownFileType = sourcecode.c.h; path = Target_One.h; sourceTree = "<group>"; };
		54DA00871E9A7CFF006CE065 /* Target_One.m */ = {isa = PBXFileReference; fileEncoding = 4; lastKnownFileType = sourcecode.c.objc; path = Target_One.m; sourceTree = "<group>"; };
		54DA00891E9A7D5B006CE065 /* OneViewController.h */ = {isa = PBXFileReference; fileEncoding = 4; lastKnownFileType = sourcecode.c.h; path = OneViewController.h; sourceTree = "<group>"; };
		54DA008A1E9A7D5B006CE065 /* OneViewController.m */ = {isa = PBXFileReference; fileEncoding = 4; lastKnownFileType = sourcecode.c.objc; path = OneViewController.m; sourceTree = "<group>"; };
/* End PBXFileReference section */

/* Begin PBXFrameworksBuildPhase section */
		54DA004B1E9A6E16006CE065 /* Frameworks */ = {
			isa = PBXFrameworksBuildPhase;
			buildActionMask = 2147483647;
			files = (
			);
			runOnlyForDeploymentPostprocessing = 0;
		};
		54DA00641E9A6E16006CE065 /* Frameworks */ = {
			isa = PBXFrameworksBuildPhase;
			buildActionMask = 2147483647;
			files = (
			);
			runOnlyForDeploymentPostprocessing = 0;
		};
		54DA006F1E9A6E16006CE065 /* Frameworks */ = {
			isa = PBXFrameworksBuildPhase;
			buildActionMask = 2147483647;
			files = (
			);
			runOnlyForDeploymentPostprocessing = 0;
		};
/* End PBXFrameworksBuildPhase section */

/* Begin PBXGroup section */
		54DA00451E9A6E16006CE065 = {
			isa = PBXGroup;
			children = (
				54DA00501E9A6E16006CE065 /* WSOne */,
				54DA006A1E9A6E16006CE065 /* WSOneTests */,
				54DA00751E9A6E16006CE065 /* WSOneUITests */,
				54DA004F1E9A6E16006CE065 /* Products */,
			);
			sourceTree = "<group>";
		};
		54DA004F1E9A6E16006CE065 /* Products */ = {
			isa = PBXGroup;
			children = (
				54DA004E1E9A6E16006CE065 /* WSOne.app */,
				54DA00671E9A6E16006CE065 /* WSOneTests.xctest */,
				54DA00721E9A6E16006CE065 /* WSOneUITests.xctest */,
			);
			name = Products;
			sourceTree = "<group>";
		};
		54DA00501E9A6E16006CE065 /* WSOne */ = {
			isa = PBXGroup;
			children = (
				54DA00841E9A776B006CE065 /* WSOne */,
				54DA00541E9A6E16006CE065 /* AppDelegate.h */,
				54DA00551E9A6E16006CE065 /* AppDelegate.m */,
				54DA00571E9A6E16006CE065 /* ViewController.h */,
				54DA00581E9A6E16006CE065 /* ViewController.m */,
				54DA005A1E9A6E16006CE065 /* Main.storyboard */,
				54DA005D1E9A6E16006CE065 /* Assets.xcassets */,
				54DA005F1E9A6E16006CE065 /* LaunchScreen.storyboard */,
				54DA00621E9A6E16006CE065 /* Info.plist */,
				54DA00511E9A6E16006CE065 /* Supporting Files */,
			);
			path = WSOne;
			sourceTree = "<group>";
		};
		54DA00511E9A6E16006CE065 /* Supporting Files */ = {
			isa = PBXGroup;
			children = (
				54DA00521E9A6E16006CE065 /* main.m */,
			);
			name = "Supporting Files";
			sourceTree = "<group>";
		};
		54DA006A1E9A6E16006CE065 /* WSOneTests */ = {
			isa = PBXGroup;
			children = (
				54DA006B1E9A6E16006CE065 /* WSOneTests.m */,
				54DA006D1E9A6E16006CE065 /* Info.plist */,
			);
			path = WSOneTests;
			sourceTree = "<group>";
		};
		54DA00751E9A6E16006CE065 /* WSOneUITests */ = {
			isa = PBXGroup;
			children = (
				54DA00761E9A6E16006CE065 /* WSOneUITests.m */,
				54DA00781E9A6E16006CE065 /* Info.plist */,
			);
			path = WSOneUITests;
			sourceTree = "<group>";
		};
		54DA00841E9A776B006CE065 /* WSOne */ = {
			isa = PBXGroup;
			children = (
				54DA00851E9A7CEE006CE065 /* Target */,
				54DA00891E9A7D5B006CE065 /* OneViewController.h */,
				54DA008A1E9A7D5B006CE065 /* OneViewController.m */,
			);
			path = WSOne;
			sourceTree = "<group>";
		};
		54DA00851E9A7CEE006CE065 /* Target */ = {
			isa = PBXGroup;
			children = (
				54DA00861E9A7CFF006CE065 /* Target_One.h */,
				54DA00871E9A7CFF006CE065 /* Target_One.m */,
			);
			path = Target;
			sourceTree = "<group>";
		};
/* End PBXGroup section */

/* Begin PBXNativeTarget section */
		54DA004D1E9A6E16006CE065 /* WSOne */ = {
			isa = PBXNativeTarget;
			buildConfigurationList = 54DA007B1E9A6E16006CE065 /* Build configuration list for PBXNativeTarget "WSOne" */;
			buildPhases = (
				54DA004A1E9A6E16006CE065 /* Sources */,
				54DA004B1E9A6E16006CE065 /* Frameworks */,
				54DA004C1E9A6E16006CE065 /* Resources */,
			);
			buildRules = (
			);
			dependencies = (
			);
			name = WSOne;
			productName = WSOne;
			productReference = 54DA004E1E9A6E16006CE065 /* WSOne.app */;
			productType = "com.apple.product-type.application";
		};
		54DA00661E9A6E16006CE065 /* WSOneTests */ = {
			isa = PBXNativeTarget;
			buildConfigurationList = 54DA007E1E9A6E16006CE065 /* Build configuration list for PBXNativeTarget "WSOneTests" */;
			buildPhases = (
				54DA00631E9A6E16006CE065 /* Sources */,
				54DA00641E9A6E16006CE065 /* Frameworks */,
				54DA00651E9A6E16006CE065 /* Resources */,
			);
			buildRules = (
			);
			dependencies = (
				54DA00691E9A6E16006CE065 /* PBXTargetDependency */,
			);
			name = WSOneTests;
			productName = WSOneTests;
			productReference = 54DA00671E9A6E16006CE065 /* WSOneTests.xctest */;
			productType = "com.apple.product-type.bundle.unit-test";
		};
		54DA00711E9A6E16006CE065 /* WSOneUITests */ = {
			isa = PBXNativeTarget;
			buildConfigurationList = 54DA00811E9A6E16006CE065 /* Build configuration list for PBXNativeTarget "WSOneUITests" */;
			buildPhases = (
				54DA006E1E9A6E16006CE065 /* Sources */,
				54DA006F1E9A6E16006CE065 /* Frameworks */,
				54DA00701E9A6E16006CE065 /* Resources */,
			);
			buildRules = (
			);
			dependencies = (
				54DA00741E9A6E16006CE065 /* PBXTargetDependency */,
			);
			name = WSOneUITests;
			productName = WSOneUITests;
			productReference = 54DA00721E9A6E16006CE065 /* WSOneUITests.xctest */;
			productType = "com.apple.product-type.bundle.ui-testing";
		};
/* End PBXNativeTarget section */

/* Begin PBXProject section */
		54DA00461E9A6E16006CE065 /* Project object */ = {
			isa = PBXProject;
			attributes = {
				LastUpgradeCheck = 0830;
				ORGANIZATIONNAME = WS;
				TargetAttributes = {
					54DA004D1E9A6E16006CE065 = {
						CreatedOnToolsVersion = 8.3;
						DevelopmentTeam = NT9VR9C9HY;
						ProvisioningStyle = Automatic;
					};
					54DA00661E9A6E16006CE065 = {
						CreatedOnToolsVersion = 8.3;
						ProvisioningStyle = Automatic;
						TestTargetID = 54DA004D1E9A6E16006CE065;
					};
					54DA00711E9A6E16006CE065 = {
						CreatedOnToolsVersion = 8.3;
						ProvisioningStyle = Automatic;
						TestTargetID = 54DA004D1E9A6E16006CE065;
					};
				};
			};
			buildConfigurationList = 54DA00491E9A6E16006CE065 /* Build configuration list for PBXProject "WSOne" */;
			compatibilityVersion = "Xcode 3.2";
			developmentRegion = English;
			hasScannedForEncodings = 0;
			knownRegions = (
				en,
				Base,
			);
			mainGroup = 54DA00451E9A6E16006CE065;
			productRefGroup = 54DA004F1E9A6E16006CE065 /* Products */;
			projectDirPath = "";
			projectRoot = "";
			targets = (
				54DA004D1E9A6E16006CE065 /* WSOne */,
				54DA00661E9A6E16006CE065 /* WSOneTests */,
				54DA00711E9A6E16006CE065 /* WSOneUITests */,
			);
		};
/* End PBXProject section */

/* Begin PBXResourcesBuildPhase section */
		54DA004C1E9A6E16006CE065 /* Resources */ = {
			isa = PBXResourcesBuildPhase;
			buildActionMask = 2147483647;
			files = (
				54DA00611E9A6E16006CE065 /* LaunchScreen.storyboard in Resources */,
				54DA005E1E9A6E16006CE065 /* Assets.xcassets in Resources */,
				54DA005C1E9A6E16006CE065 /* Main.storyboard in Resources */,
			);
			runOnlyForDeploymentPostprocessing = 0;
		};
		54DA00651E9A6E16006CE065 /* Resources */ = {
			isa = PBXResourcesBuildPhase;
			buildActionMask = 2147483647;
			files = (
			);
			runOnlyForDeploymentPostprocessing = 0;
		};
		54DA00701E9A6E16006CE065 /* Resources */ = {
			isa = PBXResourcesBuildPhase;
			buildActionMask = 2147483647;
			files = (
			);
			runOnlyForDeploymentPostprocessing = 0;
		};
/* End PBXResourcesBuildPhase section */

/* Begin PBXSourcesBuildPhase section */
		54DA004A1E9A6E16006CE065 /* Sources */ = {
			isa = PBXSourcesBuildPhase;
			buildActionMask = 2147483647;
			files = (
				54DA00591E9A6E16006CE065 /* ViewController.m in Sources */,
				54DA008B1E9A7D5B006CE065 /* OneViewController.m in Sources */,
				54DA00561E9A6E16006CE065 /* AppDelegate.m in Sources */,
				54DA00531E9A6E16006CE065 /* main.m in Sources */,
				54DA00881E9A7CFF006CE065 /* Target_One.m in Sources */,
			);
			runOnlyForDeploymentPostprocessing = 0;
		};
		54DA00631E9A6E16006CE065 /* Sources */ = {
			isa = PBXSourcesBuildPhase;
			buildActionMask = 2147483647;
			files = (
				54DA006C1E9A6E16006CE065 /* WSOneTests.m in Sources */,
			);
			runOnlyForDeploymentPostprocessing = 0;
		};
		54DA006E1E9A6E16006CE065 /* Sources */ = {
			isa = PBXSourcesBuildPhase;
			buildActionMask = 2147483647;
			files = (
				54DA00771E9A6E16006CE065 /* WSOneUITests.m in Sources */,
			);
			runOnlyForDeploymentPostprocessing = 0;
		};
/* End PBXSourcesBuildPhase section */

/* Begin PBXTargetDependency section */
		54DA00691E9A6E16006CE065 /* PBXTargetDependency */ = {
			isa = PBXTargetDependency;
			target = 54DA004D1E9A6E16006CE065 /* WSOne */;
			targetProxy = 54DA00681E9A6E16006CE065 /* PBXContainerItemProxy */;
		};
		54DA00741E9A6E16006CE065 /* PBXTargetDependency */ = {
			isa = PBXTargetDependency;
			target = 54DA004D1E9A6E16006CE065 /* WSOne */;
			targetProxy = 54DA00731E9A6E16006CE065 /* PBXContainerItemProxy */;
		};
/* End PBXTargetDependency section */

/* Begin PBXVariantGroup section */
		54DA005A1E9A6E16006CE065 /* Main.storyboard */ = {
			isa = PBXVariantGroup;
			children = (
				54DA005B1E9A6E16006CE065 /* Base */,
			);
			name = Main.storyboard;
			sourceTree = "<group>";
		};
		54DA005F1E9A6E16006CE065 /* LaunchScreen.storyboard */ = {
			isa = PBXVariantGroup;
			children = (
				54DA00601E9A6E16006CE065 /* Base */,
			);
			name = LaunchScreen.storyboard;
			sourceTree = "<group>";
		};
/* End PBXVariantGroup section */

/* Begin XCBuildConfiguration section */
		54DA00791E9A6E16006CE065 /* Debug */ = {
			isa = XCBuildConfiguration;
			buildSettings = {
				ALWAYS_SEARCH_USER_PATHS = NO;
				CLANG_ANALYZER_NONNULL = YES;
				CLANG_ANALYZER_NUMBER_OBJECT_CONVERSION = YES_AGGRESSIVE;
				CLANG_CXX_LANGUAGE_STANDARD = "gnu++0x";
				CLANG_CXX_LIBRARY = "libc++";
				CLANG_ENABLE_MODULES = YES;
				CLANG_ENABLE_OBJC_ARC = YES;
				CLANG_WARN_BOOL_CONVERSION = YES;
				CLANG_WARN_CONSTANT_CONVERSION = YES;
				CLANG_WARN_DIRECT_OBJC_ISA_USAGE = YES_ERROR;
				CLANG_WARN_DOCUMENTATION_COMMENTS = YES;
				CLANG_WARN_EMPTY_BODY = YES;
				CLANG_WARN_ENUM_CONVERSION = YES;
				CLANG_WARN_INFINITE_RECURSION = YES;
				CLANG_WARN_INT_CONVERSION = YES;
				CLANG_WARN_OBJC_ROOT_CLASS = YES_ERROR;
				CLANG_WARN_SUSPICIOUS_MOVE = YES;
				CLANG_WARN_UNREACHABLE_CODE = YES;
				CLANG_WARN__DUPLICATE_METHOD_MATCH = YES;
				"CODE_SIGN_IDENTITY[sdk=iphoneos*]" = "iPhone Developer";
				COPY_PHASE_STRIP = NO;
				DEBUG_INFORMATION_FORMAT = dwarf;
				ENABLE_STRICT_OBJC_MSGSEND = YES;
				ENABLE_TESTABILITY = YES;
				GCC_C_LANGUAGE_STANDARD = gnu99;
				GCC_DYNAMIC_NO_PIC = NO;
				GCC_NO_COMMON_BLOCKS = YES;
				GCC_OPTIMIZATION_LEVEL = 0;
				GCC_PREPROCESSOR_DEFINITIONS = (
					"DEBUG=1",
					"$(inherited)",
				);
				GCC_WARN_64_TO_32_BIT_CONVERSION = YES;
				GCC_WARN_ABOUT_RETURN_TYPE = YES_ERROR;
				GCC_WARN_UNDECLARED_SELECTOR = YES;
				GCC_WARN_UNINITIALIZED_AUTOS = YES_AGGRESSIVE;
				GCC_WARN_UNUSED_FUNCTION = YES;
				GCC_WARN_UNUSED_VARIABLE = YES;
				IPHONEOS_DEPLOYMENT_TARGET = 10.3;
				MTL_ENABLE_DEBUG_INFO = YES;
				ONLY_ACTIVE_ARCH = YES;
				SDKROOT = iphoneos;
				TARGETED_DEVICE_FAMILY = "1,2";
			};
			name = Debug;
		};
		54DA007A1E9A6E16006CE065 /* Release */ = {
			isa = XCBuildConfiguration;
			buildSettings = {
				ALWAYS_SEARCH_USER_PATHS = NO;
				CLANG_ANALYZER_NONNULL = YES;
				CLANG_ANALYZER_NUMBER_OBJECT_CONVERSION = YES_AGGRESSIVE;
				CLANG_CXX_LANGUAGE_STANDARD = "gnu++0x";
				CLANG_CXX_LIBRARY = "libc++";
				CLANG_ENABLE_MODULES = YES;
				CLANG_ENABLE_OBJC_ARC = YES;
				CLANG_WARN_BOOL_CONVERSION = YES;
				CLANG_WARN_CONSTANT_CONVERSION = YES;
				CLANG_WARN_DIRECT_OBJC_ISA_USAGE = YES_ERROR;
				CLANG_WARN_DOCUMENTATION_COMMENTS = YES;
				CLANG_WARN_EMPTY_BODY = YES;
				CLANG_WARN_ENUM_CONVERSION = YES;
				CLANG_WARN_INFINITE_RECURSION = YES;
				CLANG_WARN_INT_CONVERSION = YES;
				CLANG_WARN_OBJC_ROOT_CLASS = YES_ERROR;
				CLANG_WARN_SUSPICIOUS_MOVE = YES;
				CLANG_WARN_UNREACHABLE_CODE = YES;
				CLANG_WARN__DUPLICATE_METHOD_MATCH = YES;
				"CODE_SIGN_IDENTITY[sdk=iphoneos*]" = "iPhone Developer";
				COPY_PHASE_STRIP = NO;
				DEBUG_INFORMATION_FORMAT = "dwarf-with-dsym";
				ENABLE_NS_ASSERTIONS = NO;
				ENABLE_STRICT_OBJC_MSGSEND = YES;
				GCC_C_LANGUAGE_STANDARD = gnu99;
				GCC_NO_COMMON_BLOCKS = YES;
				GCC_WARN_64_TO_32_BIT_CONVERSION = YES;
				GCC_WARN_ABOUT_RETURN_TYPE = YES_ERROR;
				GCC_WARN_UNDECLARED_SELECTOR = YES;
				GCC_WARN_UNINITIALIZED_AUTOS = YES_AGGRESSIVE;
				GCC_WARN_UNUSED_FUNCTION = YES;
				GCC_WARN_UNUSED_VARIABLE = YES;
				IPHONEOS_DEPLOYMENT_TARGET = 10.3;
				MTL_ENABLE_DEBUG_INFO = NO;
				SDKROOT = iphoneos;
				TARGETED_DEVICE_FAMILY = "1,2";
				VALIDATE_PRODUCT = YES;
			};
			name = Release;
		};
		54DA007C1E9A6E16006CE065 /* Debug */ = {
			isa = XCBuildConfiguration;
			buildSettings = {
				ASSETCATALOG_COMPILER_APPICON_NAME = AppIcon;
				DEVELOPMENT_TEAM = NT9VR9C9HY;
				FRAMEWORK_SEARCH_PATHS = "$(PLATFORM_DIR)/Developer/Library/Frameworks";
				INFOPLIST_FILE = WSOne/Info.plist;
				LD_RUNPATH_SEARCH_PATHS = "$(inherited) @executable_path/Frameworks";
				PRODUCT_BUNDLE_IDENTIFIER = WS.WSOne;
				PRODUCT_NAME = "$(TARGET_NAME)";
			};
			name = Debug;
		};
		54DA007D1E9A6E16006CE065 /* Release */ = {
			isa = XCBuildConfiguration;
			buildSettings = {
				ASSETCATALOG_COMPILER_APPICON_NAME = AppIcon;
				DEVELOPMENT_TEAM = NT9VR9C9HY;
				FRAMEWORK_SEARCH_PATHS = "$(PLATFORM_DIR)/Developer/Library/Frameworks";
				INFOPLIST_FILE = WSOne/Info.plist;
				LD_RUNPATH_SEARCH_PATHS = "$(inherited) @executable_path/Frameworks";
				PRODUCT_BUNDLE_IDENTIFIER = WS.WSOne;
				PRODUCT_NAME = "$(TARGET_NAME)";
			};
			name = Release;
		};
		54DA007F1E9A6E16006CE065 /* Debug */ = {
			isa = XCBuildConfiguration;
			buildSettings = {
				BUNDLE_LOADER = "$(TEST_HOST)";
				INFOPLIST_FILE = WSOneTests/Info.plist;
				LD_RUNPATH_SEARCH_PATHS = "$(inherited) @executable_path/Frameworks @loader_path/Frameworks";
				PRODUCT_BUNDLE_IDENTIFIER = WS.WSOneTests;
				PRODUCT_NAME = "$(TARGET_NAME)";
				TEST_HOST = "$(BUILT_PRODUCTS_DIR)/WSOne.app/WSOne";
			};
			name = Debug;
		};
		54DA00801E9A6E16006CE065 /* Release */ = {
			isa = XCBuildConfiguration;
			buildSettings = {
				BUNDLE_LOADER = "$(TEST_HOST)";
				INFOPLIST_FILE = WSOneTests/Info.plist;
				LD_RUNPATH_SEARCH_PATHS = "$(inherited) @executable_path/Frameworks @loader_path/Frameworks";
				PRODUCT_BUNDLE_IDENTIFIER = WS.WSOneTests;
				PRODUCT_NAME = "$(TARGET_NAME)";
				TEST_HOST = "$(BUILT_PRODUCTS_DIR)/WSOne.app/WSOne";
			};
			name = Release;
		};
		54DA00821E9A6E16006CE065 /* Debug */ = {
			isa = XCBuildConfiguration;
			buildSettings = {
				INFOPLIST_FILE = WSOneUITests/Info.plist;
				LD_RUNPATH_SEARCH_PATHS = "$(inherited) @executable_path/Frameworks @loader_path/Frameworks";
				PRODUCT_BUNDLE_IDENTIFIER = WS.WSOneUITests;
				PRODUCT_NAME = "$(TARGET_NAME)";
				TEST_TARGET_NAME = WSOne;
			};
			name = Debug;
		};
		54DA00831E9A6E16006CE065 /* Release */ = {
			isa = XCBuildConfiguration;
			buildSettings = {
				INFOPLIST_FILE = WSOneUITests/Info.plist;
				LD_RUNPATH_SEARCH_PATHS = "$(inherited) @executable_path/Frameworks @loader_path/Frameworks";
				PRODUCT_BUNDLE_IDENTIFIER = WS.WSOneUITests;
				PRODUCT_NAME = "$(TARGET_NAME)";
				TEST_TARGET_NAME = WSOne;
			};
			name = Release;
		};
/* End XCBuildConfiguration section */

/* Begin XCConfigurationList section */
		54DA00491E9A6E16006CE065 /* Build configuration list for PBXProject "WSOne" */ = {
			isa = XCConfigurationList;
			buildConfigurations = (
				54DA00791E9A6E16006CE065 /* Debug */,
				54DA007A1E9A6E16006CE065 /* Release */,
			);
			defaultConfigurationIsVisible = 0;
			defaultConfigurationName = Release;
		};
		54DA007B1E9A6E16006CE065 /* Build configuration list for PBXNativeTarget "WSOne" */ = {
			isa = XCConfigurationList;
			buildConfigurations = (
				54DA007C1E9A6E16006CE065 /* Debug */,
				54DA007D1E9A6E16006CE065 /* Release */,
			);
			defaultConfigurationIsVisible = 0;
			defaultConfigurationName = Release;
		};
		54DA007E1E9A6E16006CE065 /* Build configuration list for PBXNativeTarget "WSOneTests" */ = {
			isa = XCConfigurationList;
			buildConfigurations = (
				54DA007F1E9A6E16006CE065 /* Debug */,
				54DA00801E9A6E16006CE065 /* Release */,
			);
			defaultConfigurationIsVisible = 0;
			defaultConfigurationName = Release;
		};
		54DA00811E9A6E16006CE065 /* Build configuration list for PBXNativeTarget "WSOneUITests" */ = {
			isa = XCConfigurationList;
			buildConfigurations = (
				54DA00821E9A6E16006CE065 /* Debug */,
				54DA00831E9A6E16006CE065 /* Release */,
			);
			defaultConfigurationIsVisible = 0;
			defaultConfigurationName = Release;
		};
/* End XCConfigurationList section */
	};
	rootObject = 54DA00461E9A6E16006CE065 /* Project object */;
}
